
Microsoft Visual Studio Solution File, Format Version 12.00
# Visual Studio Version 16
VisualStudioVersion = 16.0.30114.105
MinimumVisualStudioVersion = 10.0.40219.1
Project("{FAE04EC0-301F-11D3-BF4B-00C04F79EFBC}") = "PaymentContext.Domain", "PaymentContext.Domain\PaymentContext.Domain.csproj", "{629B4622-E06C-4594-A166-759F00FB1D57}"
EndProject
Project("{FAE04EC0-301F-11D3-BF4B-00C04F79EFBC}") = "PaymentContext.Shared", "PaymentContext.Shared\PaymentContext.Shared.csproj", "{25535E69-E96D-4012-B142-687DC7C7FEE3}"
EndProject
Project("{FAE04EC0-301F-11D3-BF4B-00C04F79EFBC}") = "PaymentContext.Tests", "PaymentContext.Tests\PaymentContext.Tests.csproj", "{333A43D0-4C13-4BF6-A72D-2D1EC1208DC3}"
EndProject
Global
	GlobalSection(SolutionConfigurationPlatforms) = preSolution
		Debug|Any CPU = Debug|Any CPU
		Release|Any CPU = Release|Any CPU
	EndGlobalSection
	GlobalSection(SolutionProperties) = preSolution
		HideSolutionNode = FALSE
	EndGlobalSection
	GlobalSection(ProjectConfigurationPlatforms) = postSolution
		{629B4622-E06C-4594-A166-759F00FB1D57}.Debug|Any CPU.ActiveCfg = Debug|Any CPU
		{629B4622-E06C-4594-A166-759F00FB1D57}.Debug|Any CPU.Build.0 = Debug|Any CPU
		{629B4622-E06C-4594-A166-759F00FB1D57}.Release|Any CPU.ActiveCfg = Release|Any CPU
		{629B4622-E06C-4594-A166-759F00FB1D57}.Release|Any CPU.Build.0 = Release|Any CPU
		{25535E69-E96D-4012-B142-687DC7C7FEE3}.Debug|Any CPU.ActiveCfg = Debug|Any CPU
		{25535E69-E96D-4012-B142-687DC7C7FEE3}.Debug|Any CPU.Build.0 = Debug|Any CPU
		{25535E69-E96D-4012-B142-687DC7C7FEE3}.Release|Any CPU.ActiveCfg = Release|Any CPU
		{25535E69-E96D-4012-B142-687DC7C7FEE3}.Release|Any CPU.Build.0 = Release|Any CPU
		{333A43D0-4C13-4BF6-A72D-2D1EC1208DC3}.Debug|Any CPU.ActiveCfg = Debug|Any CPU
		{333A43D0-4C13-4BF6-A72D-2D1EC1208DC3}.Debug|Any CPU.Build.0 = Debug|Any CPU
		{333A43D0-4C13-4BF6-A72D-2D1EC1208DC3}.Release|Any CPU.ActiveCfg = Release|Any CPU
		{333A43D0-4C13-4BF6-A72D-2D1EC1208DC3}.Release|Any CPU.Build.0 = Release|Any CPU
	EndGlobalSection
EndGlobal
